// !$*UTF8*$!
{
	archiveVersion = 1;
	classes = {
	};
	objectVersion = 46;
	objects = {

/* Begin PBXBuildFile section */
		84FD88731ECFA0C30022558F /* AppDelegate.swift in Sources */ = {isa = PBXBuildFile; fileRef = 84FD88721ECFA0C30022558F /* AppDelegate.swift */; };
		84FD88751ECFA0C30022558F /* ViewController.swift in Sources */ = {isa = PBXBuildFile; fileRef = 84FD88741ECFA0C30022558F /* ViewController.swift */; };
		84FD88781ECFA0C30022558F /* Main.storyboard in Resources */ = {isa = PBXBuildFile; fileRef = 84FD88761ECFA0C30022558F /* Main.storyboard */; };
		84FD887A1ECFA0C30022558F /* Assets.xcassets in Resources */ = {isa = PBXBuildFile; fileRef = 84FD88791ECFA0C30022558F /* Assets.xcassets */; };
		84FD887D1ECFA0C30022558F /* LaunchScreen.storyboard in Resources */ = {isa = PBXBuildFile; fileRef = 84FD887B1ECFA0C30022558F /* LaunchScreen.storyboard */; };
		84FD88881ECFA0C30022558F /* gesture_lab7Tests.swift in Sources */ = {isa = PBXBuildFile; fileRef = 84FD88871ECFA0C30022558F /* gesture_lab7Tests.swift */; };
		84FD88931ECFA0C30022558F /* gesture_lab7UITests.swift in Sources */ = {isa = PBXBuildFile; fileRef = 84FD88921ECFA0C30022558F /* gesture_lab7UITests.swift */; };
/* End PBXBuildFile section */

/* Begin PBXContainerItemProxy section */
		84FD88841ECFA0C30022558F /* PBXContainerItemProxy */ = {
			isa = PBXContainerItemProxy;
			containerPortal = 84FD88671ECFA0C30022558F /* Project object */;
			proxyType = 1;
			remoteGlobalIDString = 84FD886E1ECFA0C30022558F;
			remoteInfo = gesture_lab7;
		};
		84FD888F1ECFA0C30022558F /* PBXContainerItemProxy */ = {
			isa = PBXContainerItemProxy;
			containerPortal = 84FD88671ECFA0C30022558F /* Project object */;
			proxyType = 1;
			remoteGlobalIDString = 84FD886E1ECFA0C30022558F;
			remoteInfo = gesture_lab7;
		};
/* End PBXContainerItemProxy section */

/* Begin PBXFileReference section */
		84FD886F1ECFA0C30022558F /* gesture_lab7.app */ = {isa = PBXFileReference; explicitFileType = wrapper.application; includeInIndex = 0; path = gesture_lab7.app; sourceTree = BUILT_PRODUCTS_DIR; };
		84FD88721ECFA0C30022558F /* AppDelegate.swift */ = {isa = PBXFileReference; lastKnownFileType = sourcecode.swift; path = AppDelegate.swift; sourceTree = "<group>"; };
		84FD88741ECFA0C30022558F /* ViewController.swift */ = {isa = PBXFileReference; lastKnownFileType = sourcecode.swift; path = ViewController.swift; sourceTree = "<group>"; };
		84FD88771ECFA0C30022558F /* Base */ = {isa = PBXFileReference; lastKnownFileType = file.storyboard; name = Base; path = Base.lproj/Main.storyboard; sourceTree = "<group>"; };
		84FD88791ECFA0C30022558F /* Assets.xcassets */ = {isa = PBXFileReference; lastKnownFileType = folder.assetcatalog; path = Assets.xcassets; sourceTree = "<group>"; };
		84FD887C1ECFA0C30022558F /* Base */ = {isa = PBXFileReference; lastKnownFileType = file.storyboard; name = Base; path = Base.lproj/LaunchScreen.storyboard; sourceTree = "<group>"; };
		84FD887E1ECFA0C30022558F /* Info.plist */ = {isa = PBXFileReference; lastKnownFileType = text.plist.xml; path = Info.plist; sourceTree = "<group>"; };
		84FD88831ECFA0C30022558F /* gesture_lab7Tests.xctest */ = {isa = PBXFileReference; explicitFileType = wrapper.cfbundle; includeInIndex = 0; path = gesture_lab7Tests.xctest; sourceTree = BUILT_PRODUCTS_DIR; };
		84FD88871ECFA0C30022558F /* gesture_lab7Tests.swift */ = {isa = PBXFileReference; lastKnownFileType = sourcecode.swift; path = gesture_lab7Tests.swift; sourceTree = "<group>"; };
		84FD88891ECFA0C30022558F /* Info.plist */ = {isa = PBXFileReference; lastKnownFileType = text.plist.xml; path = Info.plist; sourceTree = "<group>"; };
		84FD888E1ECFA0C30022558F /* gesture_lab7UITests.xctest */ = {isa = PBXFileReference; explicitFileType = wrapper.cfbundle; includeInIndex = 0; path = gesture_lab7UITests.xctest; sourceTree = BUILT_PRODUCTS_DIR; };
		84FD88921ECFA0C30022558F /* gesture_lab7UITests.swift */ = {isa = PBXFileReference; lastKnownFileType = sourcecode.swift; path = gesture_lab7UITests.swift; sourceTree = "<group>"; };
		84FD88941ECFA0C30022558F /* Info.plist */ = {isa = PBXFileReference; lastKnownFileType = text.plist.xml; path = Info.plist; sourceTree = "<group>"; };
/* End PBXFileReference section */

/* Begin PBXFrameworksBuildPhase section */
		84FD886C1ECFA0C30022558F /* Frameworks */ = {
			isa = PBXFrameworksBuildPhase;
			buildActionMask = 2147483647;
			files = (
			);
			runOnlyForDeploymentPostprocessing = 0;
		};
		84FD88801ECFA0C30022558F /* Frameworks */ = {
			isa = PBXFrameworksBuildPhase;
			buildActionMask = 2147483647;
			files = (
			);
			runOnlyForDeploymentPostprocessing = 0;
		};
		84FD888B1ECFA0C30022558F /* Frameworks */ = {
			isa = PBXFrameworksBuildPhase;
			buildActionMask = 2147483647;
			files = (
			);
			runOnlyForDeploymentPostprocessing = 0;
		};
/* End PBXFrameworksBuildPhase section */

/* Begin PBXGroup section */
		84FD88661ECFA0C30022558F = {
			isa = PBXGroup;
			children = (
				84FD88711ECFA0C30022558F /* gesture_lab7 */,
				84FD88861ECFA0C30022558F /* gesture_lab7Tests */,
				84FD88911ECFA0C30022558F /* gesture_lab7UITests */,
				84FD88701ECFA0C30022558F /* Products */,
			);
			sourceTree = "<group>";
		};
		84FD88701ECFA0C30022558F /* Products */ = {
			isa = PBXGroup;
			children = (
				84FD886F1ECFA0C30022558F /* gesture_lab7.app */,
				84FD88831ECFA0C30022558F /* gesture_lab7Tests.xctest */,
				84FD888E1ECFA0C30022558F /* gesture_lab7UITests.xctest */,
			);
			name = Products;
			sourceTree = "<group>";
		};
		84FD88711ECFA0C30022558F /* gesture_lab7 */ = {
			isa = PBXGroup;
			children = (
				84FD88721ECFA0C30022558F /* AppDelegate.swift */,
				84FD88741ECFA0C30022558F /* ViewController.swift */,
				84FD88761ECFA0C30022558F /* Main.storyboard */,
				84FD88791ECFA0C30022558F /* Assets.xcassets */,
				84FD887B1ECFA0C30022558F /* LaunchScreen.storyboard */,
				84FD887E1ECFA0C30022558F /* Info.plist */,
			);
			path = gesture_lab7;
			sourceTree = "<group>";
		};
		84FD88861ECFA0C30022558F /* gesture_lab7Tests */ = {
			isa = PBXGroup;
			children = (
				84FD88871ECFA0C30022558F /* gesture_lab7Tests.swift */,
				84FD88891ECFA0C30022558F /* Info.plist */,
			);
			path = gesture_lab7Tests;
			sourceTree = "<group>";
		};
		84FD88911ECFA0C30022558F /* gesture_lab7UITests */ = {
			isa = PBXGroup;
			children = (
				84FD88921ECFA0C30022558F /* gesture_lab7UITests.swift */,
				84FD88941ECFA0C30022558F /* Info.plist */,
			);
			path = gesture_lab7UITests;
			sourceTree = "<group>";
		};
/* End PBXGroup section */

/* Begin PBXNativeTarget section */
		84FD886E1ECFA0C30022558F /* gesture_lab7 */ = {
			isa = PBXNativeTarget;
			buildConfigurationList = 84FD88971ECFA0C30022558F /* Build configuration list for PBXNativeTarget "gesture_lab7" */;
			buildPhases = (
				84FD886B1ECFA0C30022558F /* Sources */,
				84FD886C1ECFA0C30022558F /* Frameworks */,
				84FD886D1ECFA0C30022558F /* Resources */,
			);
			buildRules = (
			);
			dependencies = (
			);
			name = gesture_lab7;
			productName = gesture_lab7;
			productReference = 84FD886F1ECFA0C30022558F /* gesture_lab7.app */;
			productType = "com.apple.product-type.application";
		};
		84FD88821ECFA0C30022558F /* gesture_lab7Tests */ = {
			isa = PBXNativeTarget;
			buildConfigurationList = 84FD889A1ECFA0C30022558F /* Build configuration list for PBXNativeTarget "gesture_lab7Tests" */;
			buildPhases = (
				84FD887F1ECFA0C30022558F /* Sources */,
				84FD88801ECFA0C30022558F /* Frameworks */,
				84FD88811ECFA0C30022558F /* Resources */,
			);
			buildRules = (
			);
			dependencies = (
				84FD88851ECFA0C30022558F /* PBXTargetDependency */,
			);
			name = gesture_lab7Tests;
			productName = gesture_lab7Tests;
			productReference = 84FD88831ECFA0C30022558F /* gesture_lab7Tests.xctest */;
			productType = "com.apple.product-type.bundle.unit-test";
		};
		84FD888D1ECFA0C30022558F /* gesture_lab7UITests */ = {
			isa = PBXNativeTarget;
			buildConfigurationList = 84FD889D1ECFA0C30022558F /* Build configuration list for PBXNativeTarget "gesture_lab7UITests" */;
			buildPhases = (
				84FD888A1ECFA0C30022558F /* Sources */,
				84FD888B1ECFA0C30022558F /* Frameworks */,
				84FD888C1ECFA0C30022558F /* Resources */,
			);
			buildRules = (
			);
			dependencies = (
				84FD88901ECFA0C30022558F /* PBXTargetDependency */,
			);
			name = gesture_lab7UITests;
			productName = gesture_lab7UITests;
			productReference = 84FD888E1ECFA0C30022558F /* gesture_lab7UITests.xctest */;
			productType = "com.apple.product-type.bundle.ui-testing";
		};
/* End PBXNativeTarget section */

/* Begin PBXProject section */
		84FD88671ECFA0C30022558F /* Project object */ = {
			isa = PBXProject;
			attributes = {
				LastSwiftUpdateCheck = 0820;
				LastUpgradeCheck = 0820;
				ORGANIZATIONNAME = "Oleg Kiselevich";
				TargetAttributes = {
					84FD886E1ECFA0C30022558F = {
						CreatedOnToolsVersion = 8.2.1;
						DevelopmentTeam = GA8F72AXP5;
						ProvisioningStyle = Automatic;
					};
					84FD88821ECFA0C30022558F = {
						CreatedOnToolsVersion = 8.2.1;
						DevelopmentTeam = GA8F72AXP5;
						ProvisioningStyle = Automatic;
						TestTargetID = 84FD886E1ECFA0C30022558F;
					};
					84FD888D1ECFA0C30022558F = {
						CreatedOnToolsVersion = 8.2.1;
						DevelopmentTeam = GA8F72AXP5;
						ProvisioningStyle = Automatic;
						TestTargetID = 84FD886E1ECFA0C30022558F;
					};
				};
			};
			buildConfigurationList = 84FD886A1ECFA0C30022558F /* Build configuration list for PBXProject "gesture_lab7" */;
			compatibilityVersion = "Xcode 3.2";
			developmentRegion = English;
			hasScannedForEncodings = 0;
			knownRegions = (
				en,
				Base,
			);
			mainGroup = 84FD88661ECFA0C30022558F;
			productRefGroup = 84FD88701ECFA0C30022558F /* Products */;
			projectDirPath = "";
			projectRoot = "";
			targets = (
				84FD886E1ECFA0C30022558F /* gesture_lab7 */,
				84FD88821ECFA0C30022558F /* gesture_lab7Tests */,
				84FD888D1ECFA0C30022558F /* gesture_lab7UITests */,
			);
		};
/* End PBXProject section */

/* Begin PBXResourcesBuildPhase section */
		84FD886D1ECFA0C30022558F /* Resources */ = {
			isa = PBXResourcesBuildPhase;
			buildActionMask = 2147483647;
			files = (
				84FD887D1ECFA0C30022558F /* LaunchScreen.storyboard in Resources */,
				84FD887A1ECFA0C30022558F /* Assets.xcassets in Resources */,
				84FD88781ECFA0C30022558F /* Main.storyboard in Resources */,
			);
			runOnlyForDeploymentPostprocessing = 0;
		};
		84FD88811ECFA0C30022558F /* Resources */ = {
			isa = PBXResourcesBuildPhase;
			buildActionMask = 2147483647;
			files = (
			);
			runOnlyForDeploymentPostprocessing = 0;
		};
		84FD888C1ECFA0C30022558F /* Resources */ = {
			isa = PBXResourcesBuildPhase;
			buildActionMask = 2147483647;
			files = (
			);
			runOnlyForDeploymentPostprocessing = 0;
		};
/* End PBXResourcesBuildPhase section */

/* Begin PBXSourcesBuildPhase section */
		84FD886B1ECFA0C30022558F /* Sources */ = {
			isa = PBXSourcesBuildPhase;
			buildActionMask = 2147483647;
			files = (
				84FD88751ECFA0C30022558F /* ViewController.swift in Sources */,
				84FD88731ECFA0C30022558F /* AppDelegate.swift in Sources */,
			);
			runOnlyForDeploymentPostprocessing = 0;
		};
		84FD887F1ECFA0C30022558F /* Sources */ = {
			isa = PBXSourcesBuildPhase;
			buildActionMask = 2147483647;
			files = (
				84FD88881ECFA0C30022558F /* gesture_lab7Tests.swift in Sources */,
			);
			runOnlyForDeploymentPostprocessing = 0;
		};
		84FD888A1ECFA0C30022558F /* Sources */ = {
			isa = PBXSourcesBuildPhase;
			buildActionMask = 2147483647;
			files = (
				84FD88931ECFA0C30022558F /* gesture_lab7UITests.swift in Sources */,
			);
			runOnlyForDeploymentPostprocessing = 0;
		};
/* End PBXSourcesBuildPhase section */

/* Begin PBXTargetDependency section */
		84FD88851ECFA0C30022558F /* PBXTargetDependency */ = {
			isa = PBXTargetDependency;
			target = 84FD886E1ECFA0C30022558F /* gesture_lab7 */;
			targetProxy = 84FD88841ECFA0C30022558F /* PBXContainerItemProxy */;
		};
		84FD88901ECFA0C30022558F /* PBXTargetDependency */ = {
			isa = PBXTargetDependency;
			target = 84FD886E1ECFA0C30022558F /* gesture_lab7 */;
			targetProxy = 84FD888F1ECFA0C30022558F /* PBXContainerItemProxy */;
		};
/* End PBXTargetDependency section */

/* Begin PBXVariantGroup section */
		84FD88761ECFA0C30022558F /* Main.storyboard */ = {
			isa = PBXVariantGroup;
			children = (
				84FD88771ECFA0C30022558F /* Base */,
			);
			name = Main.storyboard;
			sourceTree = "<group>";
		};
		84FD887B1ECFA0C30022558F /* LaunchScreen.storyboard */ = {
			isa = PBXVariantGroup;
			children = (
				84FD887C1ECFA0C30022558F /* Base */,
			);
			name = LaunchScreen.storyboard;
			sourceTree = "<group>";
		};
/* End PBXVariantGroup section */

/* Begin XCBuildConfiguration section */
		84FD88951ECFA0C30022558F /* Debug */ = {
			isa = XCBuildConfiguration;
			buildSettings = {
				ALWAYS_SEARCH_USER_PATHS = NO;
				CLANG_ANALYZER_NONNULL = YES;
				CLANG_CXX_LANGUAGE_STANDARD = "gnu++0x";
				CLANG_CXX_LIBRARY = "libc++";
				CLANG_ENABLE_MODULES = YES;
				CLANG_ENABLE_OBJC_ARC = YES;
				CLANG_WARN_BOOL_CONVERSION = YES;
				CLANG_WARN_CONSTANT_CONVERSION = YES;
				CLANG_WARN_DIRECT_OBJC_ISA_USAGE = YES_ERROR;
				CLANG_WARN_DOCUMENTATION_COMMENTS = YES;
				CLANG_WARN_EMPTY_BODY = YES;
				CLANG_WARN_ENUM_CONVERSION = YES;
				CLANG_WARN_INFINITE_RECURSION = YES;
				CLANG_WARN_INT_CONVERSION = YES;
				CLANG_WARN_OBJC_ROOT_CLASS = YES_ERROR;
				CLANG_WARN_SUSPICIOUS_MOVE = YES;
				CLANG_WARN_UNREACHABLE_CODE = YES;
				CLANG_WARN__DUPLICATE_METHOD_MATCH = YES;
				"CODE_SIGN_IDENTITY[sdk=iphoneos*]" = "iPhone Developer";
				COPY_PHASE_STRIP = NO;
				DEBUG_INFORMATION_FORMAT = dwarf;
				ENABLE_STRICT_OBJC_MSGSEND = YES;
				ENABLE_TESTABILITY = YES;
				GCC_C_LANGUAGE_STANDARD = gnu99;
				GCC_DYNAMIC_NO_PIC = NO;
				GCC_NO_COMMON_BLOCKS = YES;
				GCC_OPTIMIZATION_LEVEL = 0;
				GCC_PREPROCESSOR_DEFINITIONS = (
					"DEBUG=1",
					"$(inherited)",
				);
				GCC_WARN_64_TO_32_BIT_CONVERSION = YES;
				GCC_WARN_ABOUT_RETURN_TYPE = YES_ERROR;
				GCC_WARN_UNDECLARED_SELECTOR = YES;
				GCC_WARN_UNINITIALIZED_AUTOS = YES_AGGRESSIVE;
				GCC_WARN_UNUSED_FUNCTION = YES;
				GCC_WARN_UNUSED_VARIABLE = YES;
				IPHONEOS_DEPLOYMENT_TARGET = 10.2;
				MTL_ENABLE_DEBUG_INFO = YES;
				ONLY_ACTIVE_ARCH = YES;
				SDKROOT = iphoneos;
				SWIFT_ACTIVE_COMPILATION_CONDITIONS = DEBUG;
				SWIFT_OPTIMIZATION_LEVEL = "-Onone";
			};
			name = Debug;
		};
		84FD88961ECFA0C30022558F /* Release */ = {
			isa = XCBuildConfiguration;
			buildSettings = {
				ALWAYS_SEARCH_USER_PATHS = NO;
				CLANG_ANALYZER_NONNULL = YES;
				CLANG_CXX_LANGUAGE_STANDARD = "gnu++0x";
				CLANG_CXX_LIBRARY = "libc++";
				CLANG_ENABLE_MODULES = YES;
				CLANG_ENABLE_OBJC_ARC = YES;
				CLANG_WARN_BOOL_CONVERSION = YES;
				CLANG_WARN_CONSTANT_CONVERSION = YES;
				CLANG_WARN_DIRECT_OBJC_ISA_USAGE = YES_ERROR;
				CLANG_WARN_DOCUMENTATION_COMMENTS = YES;
				CLANG_WARN_EMPTY_BODY = YES;
				CLANG_WARN_ENUM_CONVERSION = YES;
				CLANG_WARN_INFINITE_RECURSION = YES;
				CLANG_WARN_INT_CONVERSION = YES;
				CLANG_WARN_OBJC_ROOT_CLASS = YES_ERROR;
				CLANG_WARN_SUSPICIOUS_MOVE = YES;
				CLANG_WARN_UNREACHABLE_CODE = YES;
				CLANG_WARN__DUPLICATE_METHOD_MATCH = YES;
				"CODE_SIGN_IDENTITY[sdk=iphoneos*]" = "iPhone Developer";
				COPY_PHASE_STRIP = NO;
				DEBUG_INFORMATION_FORMAT = "dwarf-with-dsym";
				ENABLE_NS_ASSERTIONS = NO;
				ENABLE_STRICT_OBJC_MSGSEND = YES;
				GCC_C_LANGUAGE_STANDARD = gnu99;
				GCC_NO_COMMON_BLOCKS = YES;
				GCC_WARN_64_TO_32_BIT_CONVERSION = YES;
				GCC_WARN_ABOUT_RETURN_TYPE = YES_ERROR;
				GCC_WARN_UNDECLARED_SELECTOR = YES;
				GCC_WARN_UNINITIALIZED_AUTOS = YES_AGGRESSIVE;
				GCC_WARN_UNUSED_FUNCTION = YES;
				GCC_WARN_UNUSED_VARIABLE = YES;
				IPHONEOS_DEPLOYMENT_TARGET = 10.2;
				MTL_ENABLE_DEBUG_INFO = NO;
				SDKROOT = iphoneos;
				SWIFT_OPTIMIZATION_LEVEL = "-Owholemodule";
				VALIDATE_PRODUCT = YES;
			};
			name = Release;
		};
		84FD88981ECFA0C30022558F /* Debug */ = {
			isa = XCBuildConfiguration;
			buildSettings = {
				ASSETCATALOG_COMPILER_APPICON_NAME = AppIcon;
				DEVELOPMENT_TEAM = GA8F72AXP5;
				INFOPLIST_FILE = gesture_lab7/Info.plist;
				LD_RUNPATH_SEARCH_PATHS = "$(inherited) @executable_path/Frameworks";
				PRODUCT_BUNDLE_IDENTIFIER = "kiselevicholeg.gesture-lab7";
				PRODUCT_NAME = "$(TARGET_NAME)";
				SWIFT_VERSION = 3.0;
			};
			name = Debug;
		};
		84FD88991ECFA0C30022558F /* Release */ = {
			isa = XCBuildConfiguration;
			buildSettings = {
				ASSETCATALOG_COMPILER_APPICON_NAME = AppIcon;
				DEVELOPMENT_TEAM = GA8F72AXP5;
				INFOPLIST_FILE = gesture_lab7/Info.plist;
				LD_RUNPATH_SEARCH_PATHS = "$(inherited) @executable_path/Frameworks";
				PRODUCT_BUNDLE_IDENTIFIER = "kiselevicholeg.gesture-lab7";
				PRODUCT_NAME = "$(TARGET_NAME)";
				SWIFT_VERSION = 3.0;
			};
			name = Release;
		};
		84FD889B1ECFA0C30022558F /* Debug */ = {
			isa = XCBuildConfiguration;
			buildSettings = {
				ALWAYS_EMBED_SWIFT_STANDARD_LIBRARIES = YES;
				BUNDLE_LOADER = "$(TEST_HOST)";
				DEVELOPMENT_TEAM = GA8F72AXP5;
				INFOPLIST_FILE = gesture_lab7Tests/Info.plist;
				LD_RUNPATH_SEARCH_PATHS = "$(inherited) @executable_path/Frameworks @loader_path/Frameworks";
				PRODUCT_BUNDLE_IDENTIFIER = "kiselevicholeg.gesture-lab7Tests";
				PRODUCT_NAME = "$(TARGET_NAME)";
				SWIFT_VERSION = 3.0;
				TEST_HOST = "$(BUILT_PRODUCTS_DIR)/gesture_lab7.app/gesture_lab7";
			};
			name = Debug;
		};
		84FD889C1ECFA0C30022558F /* Release */ = {
			isa = XCBuildConfiguration;
			buildSettings = {
				ALWAYS_EMBED_SWIFT_STANDARD_LIBRARIES = YES;
				BUNDLE_LOADER = "$(TEST_HOST)";
				DEVELOPMENT_TEAM = GA8F72AXP5;
				INFOPLIST_FILE = gesture_lab7Tests/Info.plist;
				LD_RUNPATH_SEARCH_PATHS = "$(inherited) @executable_path/Frameworks @loader_path/Frameworks";
				PRODUCT_BUNDLE_IDENTIFIER = "kiselevicholeg.gesture-lab7Tests";
				PRODUCT_NAME = "$(TARGET_NAME)";
				SWIFT_VERSION = 3.0;
				TEST_HOST = "$(BUILT_PRODUCTS_DIR)/gesture_lab7.app/gesture_lab7";
			};
			name = Release;
		};
		84FD889E1ECFA0C30022558F /* Debug */ = {
			isa = XCBuildConfiguration;
			buildSettings = {
				ALWAYS_EMBED_SWIFT_STANDARD_LIBRARIES = YES;
				DEVELOPMENT_TEAM = GA8F72AXP5;
				INFOPLIST_FILE = gesture_lab7UITests/Info.plist;
				LD_RUNPATH_SEARCH_PATHS = "$(inherited) @executable_path/Frameworks @loader_path/Frameworks";
				PRODUCT_BUNDLE_IDENTIFIER = "kiselevicholeg.gesture-lab7UITests";
				PRODUCT_NAME = "$(TARGET_NAME)";
				SWIFT_VERSION = 3.0;
				TEST_TARGET_NAME = gesture_lab7;
			};
			name = Debug;
		};
		84FD889F1ECFA0C30022558F /* Release */ = {
			isa = XCBuildConfiguration;
			buildSettings = {
				ALWAYS_EMBED_SWIFT_STANDARD_LIBRARIES = YES;
				DEVELOPMENT_TEAM = GA8F72AXP5;
				INFOPLIST_FILE = gesture_lab7UITests/Info.plist;
				LD_RUNPATH_SEARCH_PATHS = "$(inherited) @executable_path/Frameworks @loader_path/Frameworks";
				PRODUCT_BUNDLE_IDENTIFIER = "kiselevicholeg.gesture-lab7UITests";
				PRODUCT_NAME = "$(TARGET_NAME)";
				SWIFT_VERSION = 3.0;
				TEST_TARGET_NAME = gesture_lab7;
			};
			name = Release;
		};
/* End XCBuildConfiguration section */

/* Begin XCConfigurationList section */
		84FD886A1ECFA0C30022558F /* Build configuration list for PBXProject "gesture_lab7" */ = {
			isa = XCConfigurationList;
			buildConfigurations = (
				84FD88951ECFA0C30022558F /* Debug */,
				84FD88961ECFA0C30022558F /* Release */,
			);
			defaultConfigurationIsVisible = 0;
			defaultConfigurationName = Release;
		};
		84FD88971ECFA0C30022558F /* Build configuration list for PBXNativeTarget "gesture_lab7" */ = {
			isa = XCConfigurationList;
			buildConfigurations = (
				84FD88981ECFA0C30022558F /* Debug */,
				84FD88991ECFA0C30022558F /* Release */,
			);
			defaultConfigurationIsVisible = 0;
		};
		84FD889A1ECFA0C30022558F /* Build configuration list for PBXNativeTarget "gesture_lab7Tests" */ = {
			isa = XCConfigurationList;
			buildConfigurations = (
				84FD889B1ECFA0C30022558F /* Debug */,
				84FD889C1ECFA0C30022558F /* Release */,
			);
			defaultConfigurationIsVisible = 0;
		};
		84FD889D1ECFA0C30022558F /* Build configuration list for PBXNativeTarget "gesture_lab7UITests" */ = {
			isa = XCConfigurationList;
			buildConfigurations = (
				84FD889E1ECFA0C30022558F /* Debug */,
				84FD889F1ECFA0C30022558F /* Release */,
			);
			defaultConfigurationIsVisible = 0;
		};
/* End XCConfigurationList section */
	};
	rootObject = 84FD88671ECFA0C30022558F /* Project object */;
}
